
Microsoft Visual Studio Solution File, Format Version 12.00
# Visual Studio Version 17
VisualStudioVersion = 17.11.35327.3
MinimumVisualStudioVersion = 10.0.40219.1
Project("{FAE04EC0-301F-11D3-BF4B-00C04F79EFBC}") = "Mod10-Exception-Exerc", "Mod10-Exception-Exerc\Mod10-Exception-Exerc.csproj", "{CF61F618-10CD-4A7A-A686-06A501F8C224}"
EndProject
Global
	GlobalSection(SolutionConfigurationPlatforms) = preSolution
		Debug|Any CPU = Debug|Any CPU
		Release|Any CPU = Release|Any CPU
	EndGlobalSection
	GlobalSection(ProjectConfigurationPlatforms) = postSolution
		{CF61F618-10CD-4A7A-A686-06A501F8C224}.Debug|Any CPU.ActiveCfg = Debug|Any CPU
		{CF61F618-10CD-4A7A-A686-06A501F8C224}.Debug|Any CPU.Build.0 = Debug|Any CPU
		{CF61F618-10CD-4A7A-A686-06A501F8C224}.Release|Any CPU.ActiveCfg = Release|Any CPU
		{CF61F618-10CD-4A7A-A686-06A501F8C224}.Release|Any CPU.Build.0 = Release|Any CPU
	EndGlobalSection
	GlobalSection(SolutionProperties) = preSolution
		HideSolutionNode = FALSE
	EndGlobalSection
	GlobalSection(ExtensibilityGlobals) = postSolution
		SolutionGuid = {5D1E214A-C574-4E33-A858-B867DE23DAD6}
	EndGlobalSection
EndGlobal
