
Microsoft Visual Studio Solution File, Format Version 12.00
# Visual Studio Version 17
VisualStudioVersion = 17.11.35327.3
MinimumVisualStudioVersion = 10.0.40219.1
Project("{FAE04EC0-301F-11D3-BF4B-00C04F79EFBC}") = "Modulo13-Dictionary-exercicio1", "Modulo13-Dictionary-exercicio1\Modulo13-Dictionary-exercicio1.csproj", "{48274E3F-5428-4897-AB18-00453A8C9DDC}"
EndProject
Global
	GlobalSection(SolutionConfigurationPlatforms) = preSolution
		Debug|Any CPU = Debug|Any CPU
		Release|Any CPU = Release|Any CPU
	EndGlobalSection
	GlobalSection(ProjectConfigurationPlatforms) = postSolution
		{48274E3F-5428-4897-AB18-00453A8C9DDC}.Debug|Any CPU.ActiveCfg = Debug|Any CPU
		{48274E3F-5428-4897-AB18-00453A8C9DDC}.Debug|Any CPU.Build.0 = Debug|Any CPU
		{48274E3F-5428-4897-AB18-00453A8C9DDC}.Release|Any CPU.ActiveCfg = Release|Any CPU
		{48274E3F-5428-4897-AB18-00453A8C9DDC}.Release|Any CPU.Build.0 = Release|Any CPU
	EndGlobalSection
	GlobalSection(SolutionProperties) = preSolution
		HideSolutionNode = FALSE
	EndGlobalSection
	GlobalSection(ExtensibilityGlobals) = postSolution
		SolutionGuid = {D3F489DD-EF6D-4766-9531-AEB62FD364A5}
	EndGlobalSection
EndGlobal
