
Microsoft Visual Studio Solution File, Format Version 12.00
# Visual Studio Version 17
VisualStudioVersion = 17.11.35327.3
MinimumVisualStudioVersion = 10.0.40219.1
Project("{FAE04EC0-301F-11D3-BF4B-00C04F79EFBC}") = "Modulo13-HashSet", "Modulo13-HashSet\Modulo13-HashSet.csproj", "{965F762F-BCC8-411E-A3BB-B5E52168D71A}"
EndProject
Global
	GlobalSection(SolutionConfigurationPlatforms) = preSolution
		Debug|Any CPU = Debug|Any CPU
		Release|Any CPU = Release|Any CPU
	EndGlobalSection
	GlobalSection(ProjectConfigurationPlatforms) = postSolution
		{965F762F-BCC8-411E-A3BB-B5E52168D71A}.Debug|Any CPU.ActiveCfg = Debug|Any CPU
		{965F762F-BCC8-411E-A3BB-B5E52168D71A}.Debug|Any CPU.Build.0 = Debug|Any CPU
		{965F762F-BCC8-411E-A3BB-B5E52168D71A}.Release|Any CPU.ActiveCfg = Release|Any CPU
		{965F762F-BCC8-411E-A3BB-B5E52168D71A}.Release|Any CPU.Build.0 = Release|Any CPU
	EndGlobalSection
	GlobalSection(SolutionProperties) = preSolution
		HideSolutionNode = FALSE
	EndGlobalSection
	GlobalSection(ExtensibilityGlobals) = postSolution
		SolutionGuid = {1DEA500B-B821-448A-B7B9-1E2AEAB15BA3}
	EndGlobalSection
EndGlobal
