
Microsoft Visual Studio Solution File, Format Version 12.00
# Visual Studio Version 17
VisualStudioVersion = 17.11.35327.3
MinimumVisualStudioVersion = 10.0.40219.1
Project("{FAE04EC0-301F-11D3-BF4B-00C04F79EFBC}") = "Modulo8-Enums", "Modulo8-Enums\Modulo8-Enums.csproj", "{618D1CED-919F-4D4E-B0DF-545AB823A1FE}"
EndProject
Global
	GlobalSection(SolutionConfigurationPlatforms) = preSolution
		Debug|Any CPU = Debug|Any CPU
		Release|Any CPU = Release|Any CPU
	EndGlobalSection
	GlobalSection(ProjectConfigurationPlatforms) = postSolution
		{618D1CED-919F-4D4E-B0DF-545AB823A1FE}.Debug|Any CPU.ActiveCfg = Debug|Any CPU
		{618D1CED-919F-4D4E-B0DF-545AB823A1FE}.Debug|Any CPU.Build.0 = Debug|Any CPU
		{618D1CED-919F-4D4E-B0DF-545AB823A1FE}.Release|Any CPU.ActiveCfg = Release|Any CPU
		{618D1CED-919F-4D4E-B0DF-545AB823A1FE}.Release|Any CPU.Build.0 = Release|Any CPU
	EndGlobalSection
	GlobalSection(SolutionProperties) = preSolution
		HideSolutionNode = FALSE
	EndGlobalSection
	GlobalSection(ExtensibilityGlobals) = postSolution
		SolutionGuid = {365858F5-A23F-40C3-BF70-F5521D8C6D78}
	EndGlobalSection
EndGlobal
