
Microsoft Visual Studio Solution File, Format Version 12.00
# Visual Studio Version 17
VisualStudioVersion = 17.11.35327.3
MinimumVisualStudioVersion = 10.0.40219.1
Project("{FAE04EC0-301F-11D3-BF4B-00C04F79EFBC}") = "Modulo15-Exercicio2", "Modulo15-Exercicio2\Modulo15-Exercicio2.csproj", "{AFAAB010-CC10-42C3-B806-5237D12454AF}"
EndProject
Global
	GlobalSection(SolutionConfigurationPlatforms) = preSolution
		Debug|Any CPU = Debug|Any CPU
		Release|Any CPU = Release|Any CPU
	EndGlobalSection
	GlobalSection(ProjectConfigurationPlatforms) = postSolution
		{AFAAB010-CC10-42C3-B806-5237D12454AF}.Debug|Any CPU.ActiveCfg = Debug|Any CPU
		{AFAAB010-CC10-42C3-B806-5237D12454AF}.Debug|Any CPU.Build.0 = Debug|Any CPU
		{AFAAB010-CC10-42C3-B806-5237D12454AF}.Release|Any CPU.ActiveCfg = Release|Any CPU
		{AFAAB010-CC10-42C3-B806-5237D12454AF}.Release|Any CPU.Build.0 = Release|Any CPU
	EndGlobalSection
	GlobalSection(SolutionProperties) = preSolution
		HideSolutionNode = FALSE
	EndGlobalSection
	GlobalSection(ExtensibilityGlobals) = postSolution
		SolutionGuid = {89432ABA-A255-4AC3-802F-54DD5CA81463}
	EndGlobalSection
EndGlobal
