
Microsoft Visual Studio Solution File, Format Version 12.00
# Visual Studio Version 17
VisualStudioVersion = 17.11.35327.3
MinimumVisualStudioVersion = 10.0.40219.1
Project("{FAE04EC0-301F-11D3-BF4B-00C04F79EFBC}") = "Modulo15-Func", "Modulo15-Func\Modulo15-Func.csproj", "{C077CCD8-75CD-461D-B620-05E26E7BEFBC}"
EndProject
Global
	GlobalSection(SolutionConfigurationPlatforms) = preSolution
		Debug|Any CPU = Debug|Any CPU
		Release|Any CPU = Release|Any CPU
	EndGlobalSection
	GlobalSection(ProjectConfigurationPlatforms) = postSolution
		{C077CCD8-75CD-461D-B620-05E26E7BEFBC}.Debug|Any CPU.ActiveCfg = Debug|Any CPU
		{C077CCD8-75CD-461D-B620-05E26E7BEFBC}.Debug|Any CPU.Build.0 = Debug|Any CPU
		{C077CCD8-75CD-461D-B620-05E26E7BEFBC}.Release|Any CPU.ActiveCfg = Release|Any CPU
		{C077CCD8-75CD-461D-B620-05E26E7BEFBC}.Release|Any CPU.Build.0 = Release|Any CPU
	EndGlobalSection
	GlobalSection(SolutionProperties) = preSolution
		HideSolutionNode = FALSE
	EndGlobalSection
	GlobalSection(ExtensibilityGlobals) = postSolution
		SolutionGuid = {FEAFECA4-FFF2-4DEF-87E5-4F4BFF658EE5}
	EndGlobalSection
EndGlobal
